
Microsoft Visual Studio Solution File, Format Version 12.00
# Visual Studio 2013
VisualStudioVersion = 12.0.21005.1
MinimumVisualStudioVersion = 10.0.40219.1
Project("{F184B08F-C81C-45F6-A57F-5ABD9991F28F}") = "BST_INOUT.Project", "BST_INOUT.Project\BST_INOUT.Project.vbproj", "{C254593C-41F5-43EA-A987-FDEDF74F2184}"
EndProject
Project("{F184B08F-C81C-45F6-A57F-5ABD9991F28F}") = "COMMON", "COMMON\COMMON.vbproj", "{7A748DB7-5701-4E1F-9547-114EBA28517A}"
EndProject
Project("{F184B08F-C81C-45F6-A57F-5ABD9991F28F}") = "DAL", "DAL\DAL.vbproj", "{9DCD255F-ACDD-4AC5-966D-16400373319A}"
EndProject
Project("{F184B08F-C81C-45F6-A57F-5ABD9991F28F}") = "BLL", "BLL\BLL.vbproj", "{30E1E58C-55C2-4B2F-8180-A13D4814D86E}"
EndProject
Global
	GlobalSection(SolutionConfigurationPlatforms) = preSolution
		Debug|Any CPU = Debug|Any CPU
		Release|Any CPU = Release|Any CPU
	EndGlobalSection
	GlobalSection(ProjectConfigurationPlatforms) = postSolution
		{C254593C-41F5-43EA-A987-FDEDF74F2184}.Debug|Any CPU.ActiveCfg = Debug|Any CPU
		{C254593C-41F5-43EA-A987-FDEDF74F2184}.Debug|Any CPU.Build.0 = Debug|Any CPU
		{C254593C-41F5-43EA-A987-FDEDF74F2184}.Release|Any CPU.ActiveCfg = Release|Any CPU
		{C254593C-41F5-43EA-A987-FDEDF74F2184}.Release|Any CPU.Build.0 = Release|Any CPU
		{7A748DB7-5701-4E1F-9547-114EBA28517A}.Debug|Any CPU.ActiveCfg = Debug|Any CPU
		{7A748DB7-5701-4E1F-9547-114EBA28517A}.Debug|Any CPU.Build.0 = Debug|Any CPU
		{7A748DB7-5701-4E1F-9547-114EBA28517A}.Release|Any CPU.ActiveCfg = Release|Any CPU
		{7A748DB7-5701-4E1F-9547-114EBA28517A}.Release|Any CPU.Build.0 = Release|Any CPU
		{9DCD255F-ACDD-4AC5-966D-16400373319A}.Debug|Any CPU.ActiveCfg = Debug|Any CPU
		{9DCD255F-ACDD-4AC5-966D-16400373319A}.Debug|Any CPU.Build.0 = Debug|Any CPU
		{9DCD255F-ACDD-4AC5-966D-16400373319A}.Release|Any CPU.ActiveCfg = Release|Any CPU
		{9DCD255F-ACDD-4AC5-966D-16400373319A}.Release|Any CPU.Build.0 = Release|Any CPU
		{30E1E58C-55C2-4B2F-8180-A13D4814D86E}.Debug|Any CPU.ActiveCfg = Debug|Any CPU
		{30E1E58C-55C2-4B2F-8180-A13D4814D86E}.Debug|Any CPU.Build.0 = Debug|Any CPU
		{30E1E58C-55C2-4B2F-8180-A13D4814D86E}.Release|Any CPU.ActiveCfg = Release|Any CPU
		{30E1E58C-55C2-4B2F-8180-A13D4814D86E}.Release|Any CPU.Build.0 = Release|Any CPU
	EndGlobalSection
	GlobalSection(SolutionProperties) = preSolution
		HideSolutionNode = FALSE
	EndGlobalSection
EndGlobal
